
Microsoft Visual Studio Solution File, Format Version 12.00
# Visual Studio Version 16
VisualStudioVersion = 16.0.29201.188
MinimumVisualStudioVersion = 10.0.40219.1
Project("{FAE04EC0-301F-11D3-BF4B-00C04F79EFBC}") = "Ejercicio02.Android", "Ejercicio02\Ejercicio02.Android\Ejercicio02.Android.csproj", "{92FE6841-72FF-49EA-8590-00B19B7BE12D}"
EndProject
Project("{FAE04EC0-301F-11D3-BF4B-00C04F79EFBC}") = "Ejercicio02", "Ejercicio02\Ejercicio02\Ejercicio02.csproj", "{254C7E7E-6BF7-4484-84E9-9A2BBE07E61A}"
EndProject
Global
	GlobalSection(SolutionConfigurationPlatforms) = preSolution
		Debug|Any CPU = Debug|Any CPU
		Release|Any CPU = Release|Any CPU
	EndGlobalSection
	GlobalSection(ProjectConfigurationPlatforms) = postSolution
		{92FE6841-72FF-49EA-8590-00B19B7BE12D}.Debug|Any CPU.ActiveCfg = Debug|Any CPU
		{92FE6841-72FF-49EA-8590-00B19B7BE12D}.Debug|Any CPU.Build.0 = Debug|Any CPU
		{92FE6841-72FF-49EA-8590-00B19B7BE12D}.Debug|Any CPU.Deploy.0 = Debug|Any CPU
		{92FE6841-72FF-49EA-8590-00B19B7BE12D}.Release|Any CPU.ActiveCfg = Release|Any CPU
		{92FE6841-72FF-49EA-8590-00B19B7BE12D}.Release|Any CPU.Build.0 = Release|Any CPU
		{92FE6841-72FF-49EA-8590-00B19B7BE12D}.Release|Any CPU.Deploy.0 = Release|Any CPU
		{254C7E7E-6BF7-4484-84E9-9A2BBE07E61A}.Debug|Any CPU.ActiveCfg = Debug|Any CPU
		{254C7E7E-6BF7-4484-84E9-9A2BBE07E61A}.Debug|Any CPU.Build.0 = Debug|Any CPU
		{254C7E7E-6BF7-4484-84E9-9A2BBE07E61A}.Debug|Any CPU.Deploy.0 = Debug|Any CPU
		{254C7E7E-6BF7-4484-84E9-9A2BBE07E61A}.Release|Any CPU.ActiveCfg = Release|Any CPU
		{254C7E7E-6BF7-4484-84E9-9A2BBE07E61A}.Release|Any CPU.Build.0 = Release|Any CPU
		{254C7E7E-6BF7-4484-84E9-9A2BBE07E61A}.Release|Any CPU.Deploy.0 = Release|Any CPU
	EndGlobalSection
	GlobalSection(SolutionProperties) = preSolution
		HideSolutionNode = FALSE
	EndGlobalSection
	GlobalSection(ExtensibilityGlobals) = postSolution
		SolutionGuid = {670081A0-4911-477A-A96B-93DB3ED58F31}
	EndGlobalSection
EndGlobal
